
Microsoft Visual Studio Solution File, Format Version 12.00
# Visual Studio Version 17
VisualStudioVersion = 17.12.35527.113
MinimumVisualStudioVersion = 10.0.40219.1
Project("{FAE04EC0-301F-11D3-BF4B-00C04F79EFBC}") = "AdSet.Api", "adset-webapi\AdSet.Api.csproj", "{916AC9F6-E816-443E-A152-208724021215}"
EndProject
Project("{FAE04EC0-301F-11D3-BF4B-00C04F79EFBC}") = "AdSet.Application", "AdSet.Application\AdSet.Application.csproj", "{43578E80-EA41-4E57-A439-D04D07BEC5DC}"
EndProject
Project("{FAE04EC0-301F-11D3-BF4B-00C04F79EFBC}") = "AdSet.Domain", "AdSet.Domain\AdSet.Domain.csproj", "{2D19E6B6-81EE-4536-803B-03A31D8E3167}"
EndProject
Project("{FAE04EC0-301F-11D3-BF4B-00C04F79EFBC}") = "AdSet.Data", "AdSet.Data\AdSet.Data.csproj", "{D875A8D6-FFAE-49A9-A5D1-70BC03301C1D}"
EndProject
Project("{FAE04EC0-301F-11D3-BF4B-00C04F79EFBC}") = "AdSet.Core", "AdSet.Core\AdSet.Core.csproj", "{BEC706BA-2352-4E96-8F77-CF3B0FA7EF66}"
EndProject
Project("{FAE04EC0-301F-11D3-BF4B-00C04F79EFBC}") = "AdSet.Infra.Core", "AdSet.Infra.Core\AdSet.Infra.Core.csproj", "{1E244BA7-F955-4564-B89F-67FD448AC316}"
EndProject
Global
	GlobalSection(SolutionConfigurationPlatforms) = preSolution
		Debug|Any CPU = Debug|Any CPU
		Release|Any CPU = Release|Any CPU
	EndGlobalSection
	GlobalSection(ProjectConfigurationPlatforms) = postSolution
		{916AC9F6-E816-443E-A152-208724021215}.Debug|Any CPU.ActiveCfg = Debug|Any CPU
		{916AC9F6-E816-443E-A152-208724021215}.Debug|Any CPU.Build.0 = Debug|Any CPU
		{916AC9F6-E816-443E-A152-208724021215}.Release|Any CPU.ActiveCfg = Release|Any CPU
		{916AC9F6-E816-443E-A152-208724021215}.Release|Any CPU.Build.0 = Release|Any CPU
		{43578E80-EA41-4E57-A439-D04D07BEC5DC}.Debug|Any CPU.ActiveCfg = Debug|Any CPU
		{43578E80-EA41-4E57-A439-D04D07BEC5DC}.Debug|Any CPU.Build.0 = Debug|Any CPU
		{43578E80-EA41-4E57-A439-D04D07BEC5DC}.Release|Any CPU.ActiveCfg = Release|Any CPU
		{43578E80-EA41-4E57-A439-D04D07BEC5DC}.Release|Any CPU.Build.0 = Release|Any CPU
		{2D19E6B6-81EE-4536-803B-03A31D8E3167}.Debug|Any CPU.ActiveCfg = Debug|Any CPU
		{2D19E6B6-81EE-4536-803B-03A31D8E3167}.Debug|Any CPU.Build.0 = Debug|Any CPU
		{2D19E6B6-81EE-4536-803B-03A31D8E3167}.Release|Any CPU.ActiveCfg = Release|Any CPU
		{2D19E6B6-81EE-4536-803B-03A31D8E3167}.Release|Any CPU.Build.0 = Release|Any CPU
		{D875A8D6-FFAE-49A9-A5D1-70BC03301C1D}.Debug|Any CPU.ActiveCfg = Debug|Any CPU
		{D875A8D6-FFAE-49A9-A5D1-70BC03301C1D}.Debug|Any CPU.Build.0 = Debug|Any CPU
		{D875A8D6-FFAE-49A9-A5D1-70BC03301C1D}.Release|Any CPU.ActiveCfg = Release|Any CPU
		{D875A8D6-FFAE-49A9-A5D1-70BC03301C1D}.Release|Any CPU.Build.0 = Release|Any CPU
		{BEC706BA-2352-4E96-8F77-CF3B0FA7EF66}.Debug|Any CPU.ActiveCfg = Debug|Any CPU
		{BEC706BA-2352-4E96-8F77-CF3B0FA7EF66}.Debug|Any CPU.Build.0 = Debug|Any CPU
		{BEC706BA-2352-4E96-8F77-CF3B0FA7EF66}.Release|Any CPU.ActiveCfg = Release|Any CPU
		{BEC706BA-2352-4E96-8F77-CF3B0FA7EF66}.Release|Any CPU.Build.0 = Release|Any CPU
		{1E244BA7-F955-4564-B89F-67FD448AC316}.Debug|Any CPU.ActiveCfg = Debug|Any CPU
		{1E244BA7-F955-4564-B89F-67FD448AC316}.Debug|Any CPU.Build.0 = Debug|Any CPU
		{1E244BA7-F955-4564-B89F-67FD448AC316}.Release|Any CPU.ActiveCfg = Release|Any CPU
		{1E244BA7-F955-4564-B89F-67FD448AC316}.Release|Any CPU.Build.0 = Release|Any CPU
	EndGlobalSection
	GlobalSection(SolutionProperties) = preSolution
		HideSolutionNode = FALSE
	EndGlobalSection
EndGlobal
