
Microsoft Visual Studio Solution File, Format Version 12.00
# Visual Studio Version 17
VisualStudioVersion = 17.14.36301.6
MinimumVisualStudioVersion = 10.0.40219.1
Project("{FAE04EC0-301F-11D3-BF4B-00C04F79EFBC}") = "ADSET.DESAFIO.DOMAIN", "ADSET.DESAFIO.DOMAIN\ADSET.DESAFIO.DOMAIN.csproj", "{8213AB83-E134-445C-854C-3DB91174E775}"
EndProject
Project("{FAE04EC0-301F-11D3-BF4B-00C04F79EFBC}") = "ADSET.DESAFIO.APPLICATION", "ADSET.DESAFIO.APPLICATION\ADSET.DESAFIO.APPLICATION.csproj", "{3B02BB75-EC57-49B4-AE0C-4FB26369643A}"
EndProject
Project("{FAE04EC0-301F-11D3-BF4B-00C04F79EFBC}") = "ADSET.DESAFIO.INFRASTRUCTURE", "ADSET.DESAFIO.INFRASTRUCTURE\ADSET.DESAFIO.INFRASTRUCTURE.csproj", "{E8A01BA8-4EF0-43EC-9869-996480E438BF}"
EndProject
Project("{FAE04EC0-301F-11D3-BF4B-00C04F79EFBC}") = "ADSET.DESAFIO.INFRASTRUCTURE.IOC", "ADSET.DESAFIO.INFRASTRUCTURE.IOC\ADSET.DESAFIO.INFRASTRUCTURE.IOC.csproj", "{CF96BDEB-DAE6-43B3-9B89-DD13F41EB5B4}"
EndProject
Project("{FAE04EC0-301F-11D3-BF4B-00C04F79EFBC}") = "ADSET.DESAFIO.API", "ADSET.DESAFIO.API\ADSET.DESAFIO.API.csproj", "{5AC9FFAB-37B7-4D73-9927-2B368E205A60}"
EndProject
Project("{FAE04EC0-301F-11D3-BF4B-00C04F79EFBC}") = "ADSET.DESAFIO.TEST", "ADSET.DESAFIO.TEST\ADSET.DESAFIO.TEST.csproj", "{05D06209-570D-4B29-A9BB-239494BDE027}"
EndProject
Global
	GlobalSection(SolutionConfigurationPlatforms) = preSolution
		Debug|Any CPU = Debug|Any CPU
		Release|Any CPU = Release|Any CPU
	EndGlobalSection
	GlobalSection(ProjectConfigurationPlatforms) = postSolution
		{8213AB83-E134-445C-854C-3DB91174E775}.Debug|Any CPU.ActiveCfg = Debug|Any CPU
		{8213AB83-E134-445C-854C-3DB91174E775}.Debug|Any CPU.Build.0 = Debug|Any CPU
		{8213AB83-E134-445C-854C-3DB91174E775}.Release|Any CPU.ActiveCfg = Release|Any CPU
		{8213AB83-E134-445C-854C-3DB91174E775}.Release|Any CPU.Build.0 = Release|Any CPU
		{3B02BB75-EC57-49B4-AE0C-4FB26369643A}.Debug|Any CPU.ActiveCfg = Debug|Any CPU
		{3B02BB75-EC57-49B4-AE0C-4FB26369643A}.Debug|Any CPU.Build.0 = Debug|Any CPU
		{3B02BB75-EC57-49B4-AE0C-4FB26369643A}.Release|Any CPU.ActiveCfg = Release|Any CPU
		{3B02BB75-EC57-49B4-AE0C-4FB26369643A}.Release|Any CPU.Build.0 = Release|Any CPU
		{E8A01BA8-4EF0-43EC-9869-996480E438BF}.Debug|Any CPU.ActiveCfg = Debug|Any CPU
		{E8A01BA8-4EF0-43EC-9869-996480E438BF}.Debug|Any CPU.Build.0 = Debug|Any CPU
		{E8A01BA8-4EF0-43EC-9869-996480E438BF}.Release|Any CPU.ActiveCfg = Release|Any CPU
		{E8A01BA8-4EF0-43EC-9869-996480E438BF}.Release|Any CPU.Build.0 = Release|Any CPU
		{CF96BDEB-DAE6-43B3-9B89-DD13F41EB5B4}.Debug|Any CPU.ActiveCfg = Debug|Any CPU
		{CF96BDEB-DAE6-43B3-9B89-DD13F41EB5B4}.Debug|Any CPU.Build.0 = Debug|Any CPU
		{CF96BDEB-DAE6-43B3-9B89-DD13F41EB5B4}.Release|Any CPU.ActiveCfg = Release|Any CPU
		{CF96BDEB-DAE6-43B3-9B89-DD13F41EB5B4}.Release|Any CPU.Build.0 = Release|Any CPU
		{5AC9FFAB-37B7-4D73-9927-2B368E205A60}.Debug|Any CPU.ActiveCfg = Debug|Any CPU
		{5AC9FFAB-37B7-4D73-9927-2B368E205A60}.Debug|Any CPU.Build.0 = Debug|Any CPU
		{5AC9FFAB-37B7-4D73-9927-2B368E205A60}.Release|Any CPU.ActiveCfg = Release|Any CPU
		{5AC9FFAB-37B7-4D73-9927-2B368E205A60}.Release|Any CPU.Build.0 = Release|Any CPU
		{05D06209-570D-4B29-A9BB-239494BDE027}.Debug|Any CPU.ActiveCfg = Debug|Any CPU
		{05D06209-570D-4B29-A9BB-239494BDE027}.Debug|Any CPU.Build.0 = Debug|Any CPU
		{05D06209-570D-4B29-A9BB-239494BDE027}.Release|Any CPU.ActiveCfg = Release|Any CPU
		{05D06209-570D-4B29-A9BB-239494BDE027}.Release|Any CPU.Build.0 = Release|Any CPU
	EndGlobalSection
	GlobalSection(SolutionProperties) = preSolution
		HideSolutionNode = FALSE
	EndGlobalSection
	GlobalSection(ExtensibilityGlobals) = postSolution
		SolutionGuid = {3A0F1E89-E425-4EF6-A714-6136FF6786B5}
	EndGlobalSection
EndGlobal
